
Microsoft Visual Studio Solution File, Format Version 12.00
# Visual Studio 15
VisualStudioVersion = 15.0.28307.489
MinimumVisualStudioVersion = 10.0.40219.1
Project("{FAE04EC0-301F-11D3-BF4B-00C04F79EFBC}") = "CalculatorService.Client", "CalculatorService.Client\CalculatorService.Client.csproj", "{EDE538B8-313C-4ECB-AB4B-6E1274035CDB}"
EndProject
Project("{FAE04EC0-301F-11D3-BF4B-00C04F79EFBC}") = "CalculatorService.Server", "CalculatorService.Server\CalculatorService.Server.csproj", "{EBB4B56B-53C3-4233-87D7-0A994BC92382}"
EndProject
Global
	GlobalSection(SolutionConfigurationPlatforms) = preSolution
		Debug|Any CPU = Debug|Any CPU
		Release|Any CPU = Release|Any CPU
	EndGlobalSection
	GlobalSection(ProjectConfigurationPlatforms) = postSolution
		{EDE538B8-313C-4ECB-AB4B-6E1274035CDB}.Debug|Any CPU.ActiveCfg = Debug|Any CPU
		{EDE538B8-313C-4ECB-AB4B-6E1274035CDB}.Debug|Any CPU.Build.0 = Debug|Any CPU
		{EDE538B8-313C-4ECB-AB4B-6E1274035CDB}.Release|Any CPU.ActiveCfg = Release|Any CPU
		{EDE538B8-313C-4ECB-AB4B-6E1274035CDB}.Release|Any CPU.Build.0 = Release|Any CPU
		{EBB4B56B-53C3-4233-87D7-0A994BC92382}.Debug|Any CPU.ActiveCfg = Debug|Any CPU
		{EBB4B56B-53C3-4233-87D7-0A994BC92382}.Debug|Any CPU.Build.0 = Debug|Any CPU
		{EBB4B56B-53C3-4233-87D7-0A994BC92382}.Release|Any CPU.ActiveCfg = Release|Any CPU
		{EBB4B56B-53C3-4233-87D7-0A994BC92382}.Release|Any CPU.Build.0 = Release|Any CPU
	EndGlobalSection
	GlobalSection(SolutionProperties) = preSolution
		HideSolutionNode = FALSE
	EndGlobalSection
	GlobalSection(ExtensibilityGlobals) = postSolution
		SolutionGuid = {40930350-73D6-485E-B1BA-3B6B9172B130}
	EndGlobalSection
EndGlobal
